lockfileVersion: '9.0'

settings:
  autoInstallPeers: true
  excludeLinksFromLockfile: false

importers:

  .:
    devDependencies:
      '@biomejs/biome':
        specifier: ^1
        version: 1.9.4
      '@types/node':
        specifier: ^22
        version: 22.19.7
      '@types/semver':
        specifier: ^7
        version: 7.7.1
      effection:
        specifier: ^4
        version: 4.0.0
      expect:
        specifier: ^29
        version: 29.7.0
      semver:
        specifier: ^7.6.3
        version: 7.7.3
      turbo:
        specifier: ^2
        version: 2.7.5
      typescript:
        specifier: ^5
        version: 5.9.3

  .internal:
    dependencies:
      '@effectionx/fs':
        specifier: workspace:*
        version: link:../fs
      '@effectionx/process':
        specifier: workspace:*
        version: link:../process
      '@effectionx/stream-helpers':
        specifier: workspace:*
        version: link:../stream-helpers
      '@effectionx/tinyexec':
        specifier: workspace:*
        version: link:../tinyexec
      effection:
        specifier: ^4
        version: 4.0.0
      generatorics:
        specifier: ^1
        version: 1.1.0
      semver:
        specifier: ^7.6.3
        version: 7.7.3
      yaml:
        specifier: ^2
        version: 2.8.2
      zod:
        specifier: ^3
        version: 3.25.76

  bdd:
    dependencies:
      '@effectionx/test-adapter':
        specifier: workspace:*
        version: link:../test-adapter
      effection:
        specifier: ^3 || ^4
        version: 4.0.0

  chain:
    dependencies:
      effection:
        specifier: ^3 || ^4
        version: 4.0.0
    devDependencies:
      '@effectionx/bdd':
        specifier: workspace:*
        version: link:../bdd

  context-api:
    dependencies:
      effection:
        specifier: ^3 || ^4
        version: 4.0.0
    devDependencies:
      '@effectionx/bdd':
        specifier: workspace:*
        version: link:../bdd

  converge:
    dependencies:
      '@effectionx/timebox':
        specifier: workspace:*
        version: link:../timebox
      effection:
        specifier: ^3 || ^4
        version: 4.0.0
    devDependencies:
      '@effectionx/bdd':
        specifier: workspace:*
        version: link:../bdd

  fs:
    dependencies:
      effection:
        specifier: ^3 || ^4
        version: 4.0.0
    devDependencies:
      '@effectionx/bdd':
        specifier: workspace:*
        version: link:../bdd

  fx:
    dependencies:
      effection:
        specifier: ^3 || ^4
        version: 4.0.0
    devDependencies:
      '@effectionx/bdd':
        specifier: workspace:*
        version: link:../bdd

  inspector:
    dependencies:
      '@ark/util':
        specifier: ^0.56.0
        version: 0.56.0
      '@standard-schema/spec':
        specifier: ^1.0.0
        version: 1.1.0
      arktype:
        specifier: ^2.1.27
        version: 2.1.29
      zod:
        specifier: ^4.1.13
        version: 4.3.5
    devDependencies:
      effection:
        specifier: https://pkg.pr.new/thefrontside/effection@166d13a
        version: https://pkg.pr.new/thefrontside/effection@166d13a

  jsonl-store:
    dependencies:
      effection:
        specifier: ^3 || ^4
        version: 4.0.0
    devDependencies:
      '@effectionx/bdd':
        specifier: workspace:*
        version: link:../bdd

  node:
    dependencies:
      effection:
        specifier: ^3 || ^4
        version: 4.0.0
    devDependencies:
      '@effectionx/bdd':
        specifier: workspace:*
        version: link:../bdd

  process:
    dependencies:
      '@effectionx/node':
        specifier: workspace:*
        version: link:../node
      cross-spawn:
        specifier: ^7
        version: 7.0.6
      ctrlc-windows:
        specifier: ^2
        version: 2.2.0
      effection:
        specifier: ^3 || ^4
        version: 4.0.0
      shellwords-ts:
        specifier: ^3.0.1
        version: 3.0.1
    devDependencies:
      '@effectionx/bdd':
        specifier: workspace:*
        version: link:../bdd
      '@effectionx/stream-helpers':
        specifier: workspace:*
        version: link:../stream-helpers
      '@types/cross-spawn':
        specifier: ^6
        version: 6.0.6

  raf:
    dependencies:
      effection:
        specifier: ^3 || ^4
        version: 4.0.0
    devDependencies:
      '@effectionx/bdd':
        specifier: workspace:*
        version: link:../bdd
      '@essentials/raf':
        specifier: ^1
        version: 1.2.0

  signals:
    dependencies:
      effection:
        specifier: ^3 || ^4
        version: 4.0.0
      immutable:
        specifier: ^5
        version: 5.1.4
    devDependencies:
      '@effectionx/bdd':
        specifier: workspace:*
        version: link:../bdd

  stream-helpers:
    dependencies:
      '@effectionx/signals':
        specifier: workspace:*
        version: link:../signals
      '@effectionx/timebox':
        specifier: workspace:*
        version: link:../timebox
      effection:
        specifier: ^3 || ^4
        version: 4.0.0
      immutable:
        specifier: ^5
        version: 5.1.4
      remeda:
        specifier: ^2
        version: 2.33.4
    devDependencies:
      '@effectionx/bdd':
        specifier: workspace:*
        version: link:../bdd

  stream-yaml:
    dependencies:
      effection:
        specifier: ^3 || ^4
        version: 4.0.0
      yaml:
        specifier: ^2
        version: 2.8.2
    devDependencies:
      '@effectionx/bdd':
        specifier: workspace:*
        version: link:../bdd
      '@effectionx/stream-helpers':
        specifier: workspace:*
        version: link:../stream-helpers

  task-buffer:
    dependencies:
      effection:
        specifier: ^3 || ^4
        version: 4.0.0
    devDependencies:
      '@effectionx/bdd':
        specifier: workspace:*
        version: link:../bdd
      '@sinonjs/fake-timers':
        specifier: ^14
        version: 14.0.0
      '@types/sinonjs__fake-timers':
        specifier: ^8
        version: 8.1.5

  test-adapter:
    dependencies:
      effection:
        specifier: ^3 || ^4
        version: 4.0.0

  timebox:
    dependencies:
      effection:
        specifier: ^3 || ^4
        version: 4.0.0
    devDependencies:
      '@effectionx/bdd':
        specifier: workspace:*
        version: link:../bdd

  tinyexec:
    dependencies:
      effection:
        specifier: ^3 || ^4
        version: 4.0.0
      tinyexec:
        specifier: ^0.3.2
        version: 0.3.2

  watch:
    dependencies:
      '@effectionx/fs':
        specifier: workspace:*
        version: link:../fs
      '@effectionx/process':
        specifier: workspace:*
        version: link:../process
      chokidar:
        specifier: ^4
        version: 4.0.3
      effection:
        specifier: ^3 || ^4
        version: 4.0.0
      ignore:
        specifier: ^7
        version: 7.0.5
      remeda:
        specifier: ^2
        version: 2.33.4
      zod:
        specifier: ^3
        version: 3.25.76
      zod-opts:
        specifier: ^0
        version: 0.1.8
    devDependencies:
      '@effectionx/bdd':
        specifier: workspace:*
        version: link:../bdd
      '@effectionx/signals':
        specifier: workspace:*
        version: link:../signals
      '@effectionx/stream-helpers':
        specifier: workspace:*
        version: link:../stream-helpers

  websocket:
    dependencies:
      effection:
        specifier: ^3 || ^4
        version: 4.0.0
    devDependencies:
      '@effectionx/bdd':
        specifier: workspace:*
        version: link:../bdd
      '@types/ws':
        specifier: ^8
        version: 8.18.1
      ws:
        specifier: ^8
        version: 8.19.0

  worker:
    dependencies:
      '@effectionx/signals':
        specifier: workspace:*
        version: link:../signals
      effection:
        specifier: ^3 || ^4
        version: 4.0.0
      web-worker:
        specifier: ^1
        version: 1.5.0
    devDependencies:
      '@effectionx/bdd':
        specifier: workspace:*
        version: link:../bdd
      '@effectionx/converge':
        specifier: workspace:*
        version: link:../converge

packages:

  '@ark/schema@0.56.0':
    resolution: {integrity: sha512-ECg3hox/6Z/nLajxXqNhgPtNdHWC9zNsDyskwO28WinoFEnWow4IsERNz9AnXRhTZJnYIlAJ4uGn3nlLk65vZA==}

  '@ark/util@0.56.0':
    resolution: {integrity: sha512-BghfRC8b9pNs3vBoDJhcta0/c1J1rsoS1+HgVUreMFPdhz/CRAKReAu57YEllNaSy98rWAdY1gE+gFup7OXpgA==}

  '@babel/code-frame@7.28.6':
    resolution: {integrity: sha512-JYgintcMjRiCvS8mMECzaEn+m3PfoQiyqukOMCCVQtoJGYJw8j/8LBJEiqkHLkfwCcs74E3pbAUFNg7d9VNJ+Q==}
    engines: {node: '>=6.9.0'}

  '@babel/helper-validator-identifier@7.28.5':
    resolution: {integrity: sha512-qSs4ifwzKJSV39ucNjsvc6WVHs6b7S03sOh2OcHF9UHfVPqWWALUsNUVzhSBiItjRZoLHx7nIarVjqKVusUZ1Q==}
    engines: {node: '>=6.9.0'}

  '@biomejs/biome@1.9.4':
    resolution: {integrity: sha512-1rkd7G70+o9KkTn5KLmDYXihGoTaIGO9PIIN2ZB7UJxFrWw04CZHPYiMRjYsaDvVV7hP1dYNRLxSANLaBFGpog==}
    engines: {node: '>=14.21.3'}
    hasBin: true

  '@biomejs/cli-darwin-arm64@1.9.4':
    resolution: {integrity: sha512-bFBsPWrNvkdKrNCYeAp+xo2HecOGPAy9WyNyB/jKnnedgzl4W4Hb9ZMzYNbf8dMCGmUdSavlYHiR01QaYR58cw==}
    engines: {node: '>=14.21.3'}
    cpu: [arm64]
    os: [darwin]

  '@biomejs/cli-darwin-x64@1.9.4':
    resolution: {integrity: sha512-ngYBh/+bEedqkSevPVhLP4QfVPCpb+4BBe2p7Xs32dBgs7rh9nY2AIYUL6BgLw1JVXV8GlpKmb/hNiuIxfPfZg==}
    engines: {node: '>=14.21.3'}
    cpu: [x64]
    os: [darwin]

  '@biomejs/cli-linux-arm64-musl@1.9.4':
    resolution: {integrity: sha512-v665Ct9WCRjGa8+kTr0CzApU0+XXtRgwmzIf1SeKSGAv+2scAlW6JR5PMFo6FzqqZ64Po79cKODKf3/AAmECqA==}
    engines: {node: '>=14.21.3'}
    cpu: [arm64]
    os: [linux]

  '@biomejs/cli-linux-arm64@1.9.4':
    resolution: {integrity: sha512-fJIW0+LYujdjUgJJuwesP4EjIBl/N/TcOX3IvIHJQNsAqvV2CHIogsmA94BPG6jZATS4Hi+xv4SkBBQSt1N4/g==}
    engines: {node: '>=14.21.3'}
    cpu: [arm64]
    os: [linux]

  '@biomejs/cli-linux-x64-musl@1.9.4':
    resolution: {integrity: sha512-gEhi/jSBhZ2m6wjV530Yy8+fNqG8PAinM3oV7CyO+6c3CEh16Eizm21uHVsyVBEB6RIM8JHIl6AGYCv6Q6Q9Tg==}
    engines: {node: '>=14.21.3'}
    cpu: [x64]
    os: [linux]

  '@biomejs/cli-linux-x64@1.9.4':
    resolution: {integrity: sha512-lRCJv/Vi3Vlwmbd6K+oQ0KhLHMAysN8lXoCI7XeHlxaajk06u7G+UsFSO01NAs5iYuWKmVZjmiOzJ0OJmGsMwg==}
    engines: {node: '>=14.21.3'}
    cpu: [x64]
    os: [linux]

  '@biomejs/cli-win32-arm64@1.9.4':
    resolution: {integrity: sha512-tlbhLk+WXZmgwoIKwHIHEBZUwxml7bRJgk0X2sPyNR3S93cdRq6XulAZRQJ17FYGGzWne0fgrXBKpl7l4M87Hg==}
    engines: {node: '>=14.21.3'}
    cpu: [arm64]
    os: [win32]

  '@biomejs/cli-win32-x64@1.9.4':
    resolution: {integrity: sha512-8Y5wMhVIPaWe6jw2H+KlEm4wP/f7EW3810ZLmDlrEEy5KvBsb9ECEfu/kMWD484ijfQ8+nIi0giMgu9g1UAuuA==}
    engines: {node: '>=14.21.3'}
    cpu: [x64]
    os: [win32]

  '@essentials/raf@1.2.0':
    resolution: {integrity: sha512-AWJvpprE2o7ATMb7HBYMVUVmPJBCt2wZp2rY7d+rAcNSMvzLbDepy9KFeqqrPZh+s9aIpbw1LgmuAW7kuRFgrQ==}

  '@jest/expect-utils@29.7.0':
    resolution: {integrity: sha512-GlsNBWiFQFCVi9QVSx7f5AgMeLxe9YCCs5PuP2O2LdjDAA8Jh9eX7lA1Jq/xdXw3Wb3hyvlFNfZIfcRetSzYcA==}
    engines: {node: ^14.15.0 || ^16.10.0 || >=18.0.0}

  '@jest/schemas@29.6.3':
    resolution: {integrity: sha512-mo5j5X+jIZmJQveBKeS/clAueipV7KgiX1vMgCxam1RNYiqE1w62n0/tJJnHtjW8ZHcQco5gY85jA3mi0L+nSA==}
    engines: {node: ^14.15.0 || ^16.10.0 || >=18.0.0}

  '@jest/types@29.6.3':
    resolution: {integrity: sha512-u3UPsIilWKOM3F9CXtrG8LEJmNxwoCQC/XVj4IKYXvvpx7QIi/Kg1LI5uDmDpKlac62NUtX7eLjRh+jVZcLOzw==}
    engines: {node: ^14.15.0 || ^16.10.0 || >=18.0.0}

  '@sinclair/typebox@0.27.8':
    resolution: {integrity: sha512-+Fj43pSMwJs4KRrH/938Uf+uAELIgVBmQzg/q1YG10djyfA3TnrU8N8XzqCh/okZdszqBQTZf96idMfE5lnwTA==}

  '@sinonjs/commons@3.0.1':
    resolution: {integrity: sha512-K3mCHKQ9sVh8o1C9cxkwxaOmXoAMlDxC1mYyHrjqOWEcBjYr76t96zL2zlj5dUGZ3HSw240X1qgH3Mjf1yJWpQ==}

  '@sinonjs/fake-timers@14.0.0':
    resolution: {integrity: sha512-QfoXRaUTjMVVn/ZbnD4LS3TPtqOkOdKIYCKldIVPnuClcwRKat6LI2mRZ2s5qiBfO6Fy03An35dSls/2/FEc0Q==}

  '@standard-schema/spec@1.1.0':
    resolution: {integrity: sha512-l2aFy5jALhniG5HgqrD6jXLi/rUWrKvqN/qJx6yoJsgKhblVd+iqqU4RCXavm/jPityDo5TCvKMnpjKnOriy0w==}

  '@types/cross-spawn@6.0.6':
    resolution: {integrity: sha512-fXRhhUkG4H3TQk5dBhQ7m/JDdSNHKwR2BBia62lhwEIq9xGiQKLxd6LymNhn47SjXhsUEPmxi+PKw2OkW4LLjA==}

  '@types/istanbul-lib-coverage@2.0.6':
    resolution: {integrity: sha512-2QF/t/auWm0lsy8XtKVPG19v3sSOQlJe/YHZgfjb/KBBHOGSV+J2q/S671rcq9uTBrLAXmZpqJiaQbMT+zNU1w==}

  '@types/istanbul-lib-report@3.0.3':
    resolution: {integrity: sha512-NQn7AHQnk/RSLOxrBbGyJM/aVQ+pjj5HCgasFxc0K/KhoATfQ/47AyUl15I2yBUpihjmas+a+VJBOqecrFH+uA==}

  '@types/istanbul-reports@3.0.4':
    resolution: {integrity: sha512-pk2B1NWalF9toCRu6gjBzR69syFjP4Od8WRAX+0mmf9lAjCRicLOWc+ZrxZHx/0XRjotgkF9t6iaMJ+aXcOdZQ==}

  '@types/node@22.19.7':
    resolution: {integrity: sha512-MciR4AKGHWl7xwxkBa6xUGxQJ4VBOmPTF7sL+iGzuahOFaO0jHCsuEfS80pan1ef4gWId1oWOweIhrDEYLuaOw==}

  '@types/semver@7.7.1':
    resolution: {integrity: sha512-FmgJfu+MOcQ370SD0ev7EI8TlCAfKYU+B4m5T3yXc1CiRN94g/SZPtsCkk506aUDtlMnFZvasDwHHUcZUEaYuA==}

  '@types/sinonjs__fake-timers@8.1.5':
    resolution: {integrity: sha512-mQkU2jY8jJEF7YHjHvsQO8+3ughTL1mcnn96igfhONmR+fUPSKIkefQYpSe8bsly2Ep7oQbn/6VG5/9/0qcArQ==}

  '@types/stack-utils@2.0.3':
    resolution: {integrity: sha512-9aEbYZ3TbYMznPdcdr3SmIrLXwC/AKZXQeCf9Pgao5CKb8CyHuEX5jzWPTkvregvhRJHcpRO6BFoGW9ycaOkYw==}

  '@types/ws@8.18.1':
    resolution: {integrity: sha512-ThVF6DCVhA8kUGy+aazFQ4kXQ7E1Ty7A3ypFOe0IcJV8O/M511G99AW24irKrW56Wt44yG9+ij8FaqoBGkuBXg==}

  '@types/yargs-parser@21.0.3':
    resolution: {integrity: sha512-I4q9QU9MQv4oEOz4tAHJtNz1cwuLxn2F3xcc2iV5WdqLPpUnj30aUuxt1mAxYTG+oe8CZMV/+6rU4S4gRDzqtQ==}

  '@types/yargs@17.0.35':
    resolution: {integrity: sha512-qUHkeCyQFxMXg79wQfTtfndEC+N9ZZg76HJftDJp+qH2tV7Gj4OJi7l+PiWwJ+pWtW8GwSmqsDj/oymhrTWXjg==}

  ansi-styles@4.3.0:
    resolution: {integrity: sha512-zbB9rCJAT1rbjiVDb2hqKFHNYLxgtk8NURxZ3IZwD3F6NtxbXZQCnnSi1Lkx+IDohdPlFp222wVALIheZJQSEg==}
    engines: {node: '>=8'}

  ansi-styles@5.2.0:
    resolution: {integrity: sha512-Cxwpt2SfTzTtXcfOlzGEee8O+c+MmUgGrNiBcXnuWxuFJHe6a5Hz7qwhwe5OgaSYI0IJvkLqWX1ASG+cJOkEiA==}
    engines: {node: '>=10'}

  arkregex@0.0.5:
    resolution: {integrity: sha512-ncYjBdLlh5/QnVsAA8De16Tc9EqmYM7y/WU9j+236KcyYNUXogpz3sC4ATIZYzzLxwI+0sEOaQLEmLmRleaEXw==}

  arktype@2.1.29:
    resolution: {integrity: sha512-jyfKk4xIOzvYNayqnD8ZJQqOwcrTOUbIU4293yrzAjA3O1dWh61j71ArMQ6tS/u4pD7vabSPe7nG3RCyoXW6RQ==}

  braces@3.0.3:
    resolution: {integrity: sha512-yQbXgO/OSZVD2IsiLlro+7Hf6Q18EJrKSEsdoMzKePKXct3gvD8oLcOQdIzGupr5Fj+EDe8gO/lxc1BzfMpxvA==}
    engines: {node: '>=8'}

  chalk@4.1.2:
    resolution: {integrity: sha512-oKnbhFyRIXpUuez8iBMmyEa4nbj4IOQyuhc/wy9kY7/WVPcwIO9VA668Pu8RkO7+0G76SLROeyw9CpQ061i4mA==}
    engines: {node: '>=10'}

  chokidar@4.0.3:
    resolution: {integrity: sha512-Qgzu8kfBvo+cA4962jnP1KkS6Dop5NS6g7R5LFYJr4b8Ub94PPQXUksCw9PvXoeXPRRddRNC5C1JQUR2SMGtnA==}
    engines: {node: '>= 14.16.0'}

  ci-info@3.9.0:
    resolution: {integrity: sha512-NIxF55hv4nSqQswkAeiOi1r83xy8JldOFDTWiug55KBu9Jnblncd2U6ViHmYgHf01TPZS77NJBhBMKdWj9HQMQ==}
    engines: {node: '>=8'}

  color-convert@2.0.1:
    resolution: {integrity: sha512-RRECPsj7iu/xb5oKYcsFHSppFNnsj/52OVTRKb4zP5onXwVF3zVmmToNcOfGC+CRDpfK/U584fMg38ZHCaElKQ==}
    engines: {node: '>=7.0.0'}

  color-name@1.1.4:
    resolution: {integrity: sha512-dOy+3AuW3a2wNbZHIuMZpTcgjGuLU/uBL/ubcZF9OXbDo8ff4O8yVp5Bf0efS8uEoYo5q4Fx7dY9OgQGXgAsQA==}

  cross-spawn@7.0.6:
    resolution: {integrity: sha512-uV2QOWP2nWzsy2aMp8aRibhi9dlzF5Hgh5SHaB9OiTGEyDTiJJyx0uy51QXdyWbtAHNua4XJzUKca3OzKUd3vA==}
    engines: {node: '>= 8'}

  ctrlc-windows@2.2.0:
    resolution: {integrity: sha512-t9y568r+T8FUuBaqKK60YGFJdj3b3ktdJW9WXIT3CuBdQhAOYdSZu75jFUN0Ay4Yz5HHicVQqAYCwcnqhOn23g==}

  diff-sequences@29.6.3:
    resolution: {integrity: sha512-EjePK1srD3P08o2j4f0ExnylqRs5B9tJjcp9t1krH2qRi8CCdsYfwe9JgSLurFBWwq4uOlipzfk5fHNvwFKr8Q==}
    engines: {node: ^14.15.0 || ^16.10.0 || >=18.0.0}

  effection@4.0.0:
    resolution: {integrity: sha512-eW2yqhyBdey4k8lkp7hpiev2FSHvJvQqvaIebI3EGikHZvfUWvNy7SmkwOnJa6WcsUtSh7VHUwdjHTbV++8M9w==}
    engines: {node: '>= 16'}

  effection@https://pkg.pr.new/thefrontside/effection@166d13a:
    resolution: {tarball: https://pkg.pr.new/thefrontside/effection@166d13a}
    version: 4.0.0-pr
    engines: {node: '>= 16'}

  escape-string-regexp@2.0.0:
    resolution: {integrity: sha512-UpzcLCXolUWcNu5HtVMHYdXJjArjsF9C0aNnquZYY4uW/Vu0miy5YoWvbV345HauVvcAUnpRuhMMcqTcGOY2+w==}
    engines: {node: '>=8'}

  expect@29.7.0:
    resolution: {integrity: sha512-2Zks0hf1VLFYI1kbh0I5jP3KHHyCHpkfyHBzsSXRFgl/Bg9mWYfMW8oD+PdMPlEwy5HNsR9JutYy6pMeOh61nw==}
    engines: {node: ^14.15.0 || ^16.10.0 || >=18.0.0}

  fill-range@7.1.1:
    resolution: {integrity: sha512-YsGpe3WHLK8ZYi4tWDg2Jy3ebRz2rXowDxnld4bkQB00cc/1Zw9AWnC0i9ztDJitivtQvaI9KaLyKrc+hBW0yg==}
    engines: {node: '>=8'}

  generatorics@1.1.0:
    resolution: {integrity: sha512-LuYDCS1DbKQsvChP1xHmAzHnGdd0z0K1XMebmbNbFzGZI62KODnV2CXA7zOqebiDzlK2sxXrPGfwlDzSm9aP4g==}
    engines: {node: '>=6.0.0'}

  graceful-fs@4.2.11:
    resolution: {integrity: sha512-RbJ5/jmFcNNCcDV5o9eTnBLJ/HszWV0P73bc+Ff4nS/rJj+YaS6IGyiOL0VoBYX+l1Wrl3k63h/KrH+nhJ0XvQ==}

  has-flag@4.0.0:
    resolution: {integrity: sha512-EykJT/Q1KjTWctppgIAgfSO0tKVuZUjhgMr17kqTumMl6Afv3EISleU7qZUzoXDFTAHTDC4NOoG/ZxU3EvlMPQ==}
    engines: {node: '>=8'}

  ignore@7.0.5:
    resolution: {integrity: sha512-Hs59xBNfUIunMFgWAbGX5cq6893IbWg4KnrjbYwX3tx0ztorVgTDA6B2sxf8ejHJ4wz8BqGUMYlnzNBer5NvGg==}
    engines: {node: '>= 4'}

  immutable@5.1.4:
    resolution: {integrity: sha512-p6u1bG3YSnINT5RQmx/yRZBpenIl30kVxkTLDyHLIMk0gict704Q9n+thfDI7lTRm9vXdDYutVzXhzcThxTnXA==}

  is-number@7.0.0:
    resolution: {integrity: sha512-41Cifkg6e8TylSpdtTpeLVMqvSBEVzTttHvERD741+pnZ8ANv0004MRL43QKPDlK9cGvNp6NZWZUBlbGXYxxng==}
    engines: {node: '>=0.12.0'}

  isexe@2.0.0:
    resolution: {integrity: sha512-RHxMLp9lnKHGHRng9QFhRCMbYAcVpn69smSGcq3f36xjgVVWThj4qqLbTLlq7Ssj8B+fIQ1EuCEGI2lKsyQeIw==}

  jest-diff@29.7.0:
    resolution: {integrity: sha512-LMIgiIrhigmPrs03JHpxUh2yISK3vLFPkAodPeo0+BuF7wA2FoQbkEg1u8gBYBThncu7e1oEDUfIXVuTqLRUjw==}
    engines: {node: ^14.15.0 || ^16.10.0 || >=18.0.0}

  jest-get-type@29.6.3:
    resolution: {integrity: sha512-zrteXnqYxfQh7l5FHyL38jL39di8H8rHoecLH3JNxH3BwOrBsNeabdap5e0I23lD4HHI8W5VFBZqG4Eaq5LNcw==}
    engines: {node: ^14.15.0 || ^16.10.0 || >=18.0.0}

  jest-matcher-utils@29.7.0:
    resolution: {integrity: sha512-sBkD+Xi9DtcChsI3L3u0+N0opgPYnCRPtGcQYrgXmR+hmt/fYfWAL0xRXYU8eWOdfuLgBe0YCW3AFtnRLagq/g==}
    engines: {node: ^14.15.0 || ^16.10.0 || >=18.0.0}

  jest-message-util@29.7.0:
    resolution: {integrity: sha512-GBEV4GRADeP+qtB2+6u61stea8mGcOT4mCtrYISZwfu9/ISHFJ/5zOMXYbpBE9RsS5+Gb63DW4FgmnKJ79Kf6w==}
    engines: {node: ^14.15.0 || ^16.10.0 || >=18.0.0}

  jest-util@29.7.0:
    resolution: {integrity: sha512-z6EbKajIpqGKU56y5KBUgy1dt1ihhQJgWzUlZHArA/+X2ad7Cb5iF+AK1EWVL/Bo7Rz9uurpqw6SiBCefUbCGA==}
    engines: {node: ^14.15.0 || ^16.10.0 || >=18.0.0}

  js-tokens@4.0.0:
    resolution: {integrity: sha512-RdJUflcE3cUzKiMqQgsCu06FPu9UdIJO0beYbPhHN4k6apgJtifcoCtT9bcxOpYBtpD2kCM6Sbzg4CausW/PKQ==}

  micromatch@4.0.8:
    resolution: {integrity: sha512-PXwfBhYu0hBCPw8Dn0E+WDYb7af3dSLVWKi3HGv84IdF4TyFoC0ysxFd0Goxw7nSv4T/PzEJQxsYsEiFCKo2BA==}
    engines: {node: '>=8.6'}

  path-key@3.1.1:
    resolution: {integrity: sha512-ojmeN0qd+y0jszEtoY48r0Peq5dwMEkIlCOu6Q5f41lfkswXuKtYrhgoTpLnyIcHm24Uhqx+5Tqm2InSwLhE6Q==}
    engines: {node: '>=8'}

  picocolors@1.1.1:
    resolution: {integrity: sha512-xceH2snhtb5M9liqDsmEw56le376mTZkEX/jEb/RxNFyegNul7eNslCXP9FDj/Lcu0X8KEyMceP2ntpaHrDEVA==}

  picomatch@2.3.1:
    resolution: {integrity: sha512-JU3teHTNjmE2VCGFzuY8EXzCDVwEqB2a8fsIvwaStHhAWJEeVd1o1QD80CU6+ZdEXXSLbSsuLwJjkCBWqRQUVA==}
    engines: {node: '>=8.6'}

  pretty-format@29.7.0:
    resolution: {integrity: sha512-Pdlw/oPxN+aXdmM9R00JVC9WVFoCLTKJvDVLgmJ+qAffBMxsV85l/Lu7sNx4zSzPyoL2euImuEwHhOXdEgNFZQ==}
    engines: {node: ^14.15.0 || ^16.10.0 || >=18.0.0}

  react-is@18.3.1:
    resolution: {integrity: sha512-/LLMVyas0ljjAtoYiPqYiL8VWXzUUdThrmU5+n20DZv+a+ClRoevUzw5JxU+Ieh5/c87ytoTBV9G1FiKfNJdmg==}

  readdirp@4.1.2:
    resolution: {integrity: sha512-GDhwkLfywWL2s6vEjyhri+eXmfH6j1L7JE27WhqLeYzoh/A3DBaYGEj2H/HFZCn/kMfim73FXxEJTw06WtxQwg==}
    engines: {node: '>= 14.18.0'}

  remeda@2.33.4:
    resolution: {integrity: sha512-ygHswjlc/opg2VrtiYvUOPLjxjtdKvjGz1/plDhkG66hjNjFr1xmfrs2ClNFo/E6TyUFiwYNh53bKV26oBoMGQ==}

  semver@7.7.3:
    resolution: {integrity: sha512-SdsKMrI9TdgjdweUSR9MweHA4EJ8YxHn8DFaDisvhVlUOe4BF1tLD7GAj0lIqWVl+dPb/rExr0Btby5loQm20Q==}
    engines: {node: '>=10'}
    hasBin: true

  shebang-command@2.0.0:
    resolution: {integrity: sha512-kHxr2zZpYtdmrN1qDjrrX/Z1rR1kG8Dx+gkpK1G4eXmvXswmcE1hTWBWYUzlraYw1/yZp6YuDY77YtvbN0dmDA==}
    engines: {node: '>=8'}

  shebang-regex@3.0.0:
    resolution: {integrity: sha512-7++dFhtcx3353uBaq8DDR4NuxBetBzC7ZQOhmTQInHEd6bSrXdiEyzCvG07Z44UYdLShWUyXt5M/yhz8ekcb1A==}
    engines: {node: '>=8'}

  shellwords-ts@3.0.1:
    resolution: {integrity: sha512-GabK4ApLMqHFRGlpgNqg8dmtHTnYHt0WUUJkIeMd3QaDrUUBEDXHSSNi3I0PzMimg8W+I0EN4TshQxsnHv1cwg==}

  slash@3.0.0:
    resolution: {integrity: sha512-g9Q1haeby36OSStwb4ntCGGGaKsaVSjQ68fBxoQcutl5fS1vuY18H3wSt3jFyFtrkx+Kz0V1G85A4MyAdDMi2Q==}
    engines: {node: '>=8'}

  stack-utils@2.0.6:
    resolution: {integrity: sha512-XlkWvfIm6RmsWtNJx+uqtKLS8eqFbxUg0ZzLXqY0caEy9l7hruX8IpiDnjsLavoBgqCCR71TqWO8MaXYheJ3RQ==}
    engines: {node: '>=10'}

  supports-color@7.2.0:
    resolution: {integrity: sha512-qpCAvRl9stuOHveKsn7HncJRvv501qIacKzQlO/+Lwxc9+0q2wLyv4Dfvt80/DPn2pqOBsJdDiogXGR9+OvwRw==}
    engines: {node: '>=8'}

  tinyexec@0.3.2:
    resolution: {integrity: sha512-KQQR9yN7R5+OSwaK0XQoj22pwHoTlgYqmUscPYoknOoWCWfj/5/ABTMRi69FrKU5ffPVh5QcFikpWJI/P1ocHA==}

  to-regex-range@5.0.1:
    resolution: {integrity: sha512-65P7iz6X5yEr1cwcgvQxbbIw7Uk3gOy5dIdtZ4rDveLqhrdJP+Li/Hx6tyK0NEb+2GCyneCMJiGqrADCSNk8sQ==}
    engines: {node: '>=8.0'}

  turbo-darwin-64@2.7.5:
    resolution: {integrity: sha512-nN3wfLLj4OES/7awYyyM7fkU8U8sAFxsXau2bYJwAWi6T09jd87DgHD8N31zXaJ7LcpyppHWPRI2Ov9MuZEwnQ==}
    cpu: [x64]
    os: [darwin]

  turbo-darwin-arm64@2.7.5:
    resolution: {integrity: sha512-wCoDHMiTf3FgLAbZHDDx/unNNonSGhsF5AbbYODbxnpYyoKDpEYacUEPjZD895vDhNvYCH0Nnk24YsP4n/cD6g==}
    cpu: [arm64]
    os: [darwin]

  turbo-linux-64@2.7.5:
    resolution: {integrity: sha512-KKPvhOmJMmzWj/yjeO4LywkQ85vOJyhru7AZk/+c4B6OUh/odQ++SiIJBSbTG2lm1CuV5gV5vXZnf/2AMlu3Zg==}
    cpu: [x64]
    os: [linux]

  turbo-linux-arm64@2.7.5:
    resolution: {integrity: sha512-8PIva4L6BQhiPikUTds9lSFSHXVDAsEvV6QUlgwPsXrtXVQMVi6Sv9p+IxtlWQFvGkdYJUgX9GnK2rC030Xcmw==}
    cpu: [arm64]
    os: [linux]

  turbo-windows-64@2.7.5:
    resolution: {integrity: sha512-rupskv/mkIUgQXzX/wUiK00mKMorQcK8yzhGFha/D5lm05FEnLx8dsip6rWzMcVpvh+4GUMA56PgtnOgpel2AA==}
    cpu: [x64]
    os: [win32]

  turbo-windows-arm64@2.7.5:
    resolution: {integrity: sha512-G377Gxn6P42RnCzfMyDvsqQV7j69kVHKlhz9J4RhtJOB5+DyY4yYh/w0oTIxZQ4JRMmhjwLu3w9zncMoQ6nNDw==}
    cpu: [arm64]
    os: [win32]

  turbo@2.7.5:
    resolution: {integrity: sha512-7Imdmg37joOloTnj+DPrab9hIaQcDdJ5RwSzcauo/wMOSAgO+A/I/8b3hsGGs6PWQz70m/jkPgdqWsfNKtwwDQ==}
    hasBin: true

  type-detect@4.0.8:
    resolution: {integrity: sha512-0fr/mIH1dlO+x7TlcMy+bIDqKPsw/70tVyeHW787goQjhmqaZe10uwLujubK9q9Lg6Fiho1KUKDYz0Z7k7g5/g==}
    engines: {node: '>=4'}

  typescript@5.9.3:
    resolution: {integrity: sha512-jl1vZzPDinLr9eUt3J/t7V6FgNEw9QjvBPdysz9KfQDD41fQrC2Y4vKQdiaUpFT4bXlb1RHhLpp8wtm6M5TgSw==}
    engines: {node: '>=14.17'}
    hasBin: true

  undici-types@6.21.0:
    resolution: {integrity: sha512-iwDZqg0QAGrg9Rav5H4n0M64c3mkR59cJ6wQp+7C4nI0gsmExaedaYLNO44eT4AtBBwjbTiGPMlt2Md0T9H9JQ==}

  web-worker@1.5.0:
    resolution: {integrity: sha512-RiMReJrTAiA+mBjGONMnjVDP2u3p9R1vkcGz6gDIrOMT3oGuYwX2WRMYI9ipkphSuE5XKEhydbhNEJh4NY9mlw==}

  which@2.0.2:
    resolution: {integrity: sha512-BLI3Tl1TW3Pvl70l3yq3Y64i+awpwXqsGBYWkkqMtnbXgrMD+yj7rhW0kuEDxzJaYXGjEW5ogapKNMEKNMjibA==}
    engines: {node: '>= 8'}
    hasBin: true

  ws@8.19.0:
    resolution: {integrity: sha512-blAT2mjOEIi0ZzruJfIhb3nps74PRWTCz1IjglWEEpQl5XS/UNama6u2/rjFkDDouqr4L67ry+1aGIALViWjDg==}
    engines: {node: '>=10.0.0'}
    peerDependencies:
      bufferutil: ^4.0.1
      utf-8-validate: '>=5.0.2'
    peerDependenciesMeta:
      bufferutil:
        optional: true
      utf-8-validate:
        optional: true

  yaml@2.8.2:
    resolution: {integrity: sha512-mplynKqc1C2hTVYxd0PU2xQAc22TI1vShAYGksCCfxbn/dFwnHTNi1bvYsBTkhdUNtGIf5xNOg938rrSSYvS9A==}
    engines: {node: '>= 14.6'}
    hasBin: true

  zod-opts@0.1.8:
    resolution: {integrity: sha512-YZhdEcIL3D2W9fXCCf/UBgrBS90c8w25RTteh5GihGIZzadYr/qIFxyM2L98zHUkZ2S8MMxwn3ny8fzPNnvPlg==}
    engines: {node: '>=16'}

  zod@3.25.76:
    resolution: {integrity: sha512-gzUt/qt81nXsFGKIFcC3YnfEAx5NkunCfnDlvuBSSFS02bcXu4Lmea0AFIUwbLWxWPx3d9p8S5QoaujKcNQxcQ==}

  zod@4.3.5:
    resolution: {integrity: sha512-k7Nwx6vuWx1IJ9Bjuf4Zt1PEllcwe7cls3VNzm4CQ1/hgtFUK2bRNG3rvnpPUhFjmqJKAKtjV576KnUkHocg/g==}

snapshots:

  '@ark/schema@0.56.0':
    dependencies:
      '@ark/util': 0.56.0

  '@ark/util@0.56.0': {}

  '@babel/code-frame@7.28.6':
    dependencies:
      '@babel/helper-validator-identifier': 7.28.5
      js-tokens: 4.0.0
      picocolors: 1.1.1

  '@babel/helper-validator-identifier@7.28.5': {}

  '@biomejs/biome@1.9.4':
    optionalDependencies:
      '@biomejs/cli-darwin-arm64': 1.9.4
      '@biomejs/cli-darwin-x64': 1.9.4
      '@biomejs/cli-linux-arm64': 1.9.4
      '@biomejs/cli-linux-arm64-musl': 1.9.4
      '@biomejs/cli-linux-x64': 1.9.4
      '@biomejs/cli-linux-x64-musl': 1.9.4
      '@biomejs/cli-win32-arm64': 1.9.4
      '@biomejs/cli-win32-x64': 1.9.4

  '@biomejs/cli-darwin-arm64@1.9.4':
    optional: true

  '@biomejs/cli-darwin-x64@1.9.4':
    optional: true

  '@biomejs/cli-linux-arm64-musl@1.9.4':
    optional: true

  '@biomejs/cli-linux-arm64@1.9.4':
    optional: true

  '@biomejs/cli-linux-x64-musl@1.9.4':
    optional: true

  '@biomejs/cli-linux-x64@1.9.4':
    optional: true

  '@biomejs/cli-win32-arm64@1.9.4':
    optional: true

  '@biomejs/cli-win32-x64@1.9.4':
    optional: true

  '@essentials/raf@1.2.0': {}

  '@jest/expect-utils@29.7.0':
    dependencies:
      jest-get-type: 29.6.3

  '@jest/schemas@29.6.3':
    dependencies:
      '@sinclair/typebox': 0.27.8

  '@jest/types@29.6.3':
    dependencies:
      '@jest/schemas': 29.6.3
      '@types/istanbul-lib-coverage': 2.0.6
      '@types/istanbul-reports': 3.0.4
      '@types/node': 22.19.7
      '@types/yargs': 17.0.35
      chalk: 4.1.2

  '@sinclair/typebox@0.27.8': {}

  '@sinonjs/commons@3.0.1':
    dependencies:
      type-detect: 4.0.8

  '@sinonjs/fake-timers@14.0.0':
    dependencies:
      '@sinonjs/commons': 3.0.1

  '@standard-schema/spec@1.1.0': {}

  '@types/cross-spawn@6.0.6':
    dependencies:
      '@types/node': 22.19.7

  '@types/istanbul-lib-coverage@2.0.6': {}

  '@types/istanbul-lib-report@3.0.3':
    dependencies:
      '@types/istanbul-lib-coverage': 2.0.6

  '@types/istanbul-reports@3.0.4':
    dependencies:
      '@types/istanbul-lib-report': 3.0.3

  '@types/node@22.19.7':
    dependencies:
      undici-types: 6.21.0

  '@types/semver@7.7.1': {}

  '@types/sinonjs__fake-timers@8.1.5': {}

  '@types/stack-utils@2.0.3': {}

  '@types/ws@8.18.1':
    dependencies:
      '@types/node': 22.19.7

  '@types/yargs-parser@21.0.3': {}

  '@types/yargs@17.0.35':
    dependencies:
      '@types/yargs-parser': 21.0.3

  ansi-styles@4.3.0:
    dependencies:
      color-convert: 2.0.1

  ansi-styles@5.2.0: {}

  arkregex@0.0.5:
    dependencies:
      '@ark/util': 0.56.0

  arktype@2.1.29:
    dependencies:
      '@ark/schema': 0.56.0
      '@ark/util': 0.56.0
      arkregex: 0.0.5

  braces@3.0.3:
    dependencies:
      fill-range: 7.1.1

  chalk@4.1.2:
    dependencies:
      ansi-styles: 4.3.0
      supports-color: 7.2.0

  chokidar@4.0.3:
    dependencies:
      readdirp: 4.1.2

  ci-info@3.9.0: {}

  color-convert@2.0.1:
    dependencies:
      color-name: 1.1.4

  color-name@1.1.4: {}

  cross-spawn@7.0.6:
    dependencies:
      path-key: 3.1.1
      shebang-command: 2.0.0
      which: 2.0.2

  ctrlc-windows@2.2.0: {}

  diff-sequences@29.6.3: {}

  effection@4.0.0: {}

  effection@https://pkg.pr.new/thefrontside/effection@166d13a: {}

  escape-string-regexp@2.0.0: {}

  expect@29.7.0:
    dependencies:
      '@jest/expect-utils': 29.7.0
      jest-get-type: 29.6.3
      jest-matcher-utils: 29.7.0
      jest-message-util: 29.7.0
      jest-util: 29.7.0

  fill-range@7.1.1:
    dependencies:
      to-regex-range: 5.0.1

  generatorics@1.1.0: {}

  graceful-fs@4.2.11: {}

  has-flag@4.0.0: {}

  ignore@7.0.5: {}

  immutable@5.1.4: {}

  is-number@7.0.0: {}

  isexe@2.0.0: {}

  jest-diff@29.7.0:
    dependencies:
      chalk: 4.1.2
      diff-sequences: 29.6.3
      jest-get-type: 29.6.3
      pretty-format: 29.7.0

  jest-get-type@29.6.3: {}

  jest-matcher-utils@29.7.0:
    dependencies:
      chalk: 4.1.2
      jest-diff: 29.7.0
      jest-get-type: 29.6.3
      pretty-format: 29.7.0

  jest-message-util@29.7.0:
    dependencies:
      '@babel/code-frame': 7.28.6
      '@jest/types': 29.6.3
      '@types/stack-utils': 2.0.3
      chalk: 4.1.2
      graceful-fs: 4.2.11
      micromatch: 4.0.8
      pretty-format: 29.7.0
      slash: 3.0.0
      stack-utils: 2.0.6

  jest-util@29.7.0:
    dependencies:
      '@jest/types': 29.6.3
      '@types/node': 22.19.7
      chalk: 4.1.2
      ci-info: 3.9.0
      graceful-fs: 4.2.11
      picomatch: 2.3.1

  js-tokens@4.0.0: {}

  micromatch@4.0.8:
    dependencies:
      braces: 3.0.3
      picomatch: 2.3.1

  path-key@3.1.1: {}

  picocolors@1.1.1: {}

  picomatch@2.3.1: {}

  pretty-format@29.7.0:
    dependencies:
      '@jest/schemas': 29.6.3
      ansi-styles: 5.2.0
      react-is: 18.3.1

  react-is@18.3.1: {}

  readdirp@4.1.2: {}

  remeda@2.33.4: {}

  semver@7.7.3: {}

  shebang-command@2.0.0:
    dependencies:
      shebang-regex: 3.0.0

  shebang-regex@3.0.0: {}

  shellwords-ts@3.0.1: {}

  slash@3.0.0: {}

  stack-utils@2.0.6:
    dependencies:
      escape-string-regexp: 2.0.0

  supports-color@7.2.0:
    dependencies:
      has-flag: 4.0.0

  tinyexec@0.3.2: {}

  to-regex-range@5.0.1:
    dependencies:
      is-number: 7.0.0

  turbo-darwin-64@2.7.5:
    optional: true

  turbo-darwin-arm64@2.7.5:
    optional: true

  turbo-linux-64@2.7.5:
    optional: true

  turbo-linux-arm64@2.7.5:
    optional: true

  turbo-windows-64@2.7.5:
    optional: true

  turbo-windows-arm64@2.7.5:
    optional: true

  turbo@2.7.5:
    optionalDependencies:
      turbo-darwin-64: 2.7.5
      turbo-darwin-arm64: 2.7.5
      turbo-linux-64: 2.7.5
      turbo-linux-arm64: 2.7.5
      turbo-windows-64: 2.7.5
      turbo-windows-arm64: 2.7.5

  type-detect@4.0.8: {}

  typescript@5.9.3: {}

  undici-types@6.21.0: {}

  web-worker@1.5.0: {}

  which@2.0.2:
    dependencies:
      isexe: 2.0.0

  ws@8.19.0: {}

  yaml@2.8.2: {}

  zod-opts@0.1.8:
    dependencies:
      zod: 3.25.76

  zod@3.25.76: {}

  zod@4.3.5: {}
